
Microsoft Visual Studio Solution File, Format Version 12.00
# Visual Studio Version 16
VisualStudioVersion = 16.0.29001.49
MinimumVisualStudioVersion = 10.0.40219.1
Project("{FAE04EC0-301F-11D3-BF4B-00C04F79EFBC}") = "EmpProgram", "Lab1AD0\EmpProgram.csproj", "{7E124227-DFB2-482A-B620-ED0AA02D0264}"
EndProject
Global
	GlobalSection(SolutionConfigurationPlatforms) = preSolution
		Debug|Any CPU = Debug|Any CPU
		Release|Any CPU = Release|Any CPU
	EndGlobalSection
	GlobalSection(ProjectConfigurationPlatforms) = postSolution
		{7E124227-DFB2-482A-B620-ED0AA02D0264}.Debug|Any CPU.ActiveCfg = Debug|Any CPU
		{7E124227-DFB2-482A-B620-ED0AA02D0264}.Debug|Any CPU.Build.0 = Debug|Any CPU
		{7E124227-DFB2-482A-B620-ED0AA02D0264}.Release|Any CPU.ActiveCfg = Release|Any CPU
		{7E124227-DFB2-482A-B620-ED0AA02D0264}.Release|Any CPU.Build.0 = Release|Any CPU
	EndGlobalSection
	GlobalSection(SolutionProperties) = preSolution
		HideSolutionNode = FALSE
	EndGlobalSection
	GlobalSection(ExtensibilityGlobals) = postSolution
		SolutionGuid = {8AA3BA72-1181-4F76-A627-1DD66AAD73B1}
	EndGlobalSection
EndGlobal
